
Microsoft Visual Studio Solution File, Format Version 12.00
# Visual Studio Version 17
VisualStudioVersion = 17.0.31903.59
MinimumVisualStudioVersion = 10.0.40219.1
Project("{FAE04EC0-301F-11D3-BF4B-00C04F79EFBC}") = "FluxPattern.View", "FluxPattern.View\FluxPattern.View.csproj", "{69001C91-3E39-4228-A118-26E72E8682EA}"
EndProject
Project("{F2A71F9B-5D33-465A-A702-920D77279786}") = "FluxPattern.Logic", "FluxPattern.Logic\FluxPattern.Logic.fsproj", "{EEEAD6DD-56B6-445E-BF24-7AC49E4300A4}"
EndProject
Global
	GlobalSection(SolutionConfigurationPlatforms) = preSolution
		Debug|Any CPU = Debug|Any CPU
		Release|Any CPU = Release|Any CPU
	EndGlobalSection
	GlobalSection(SolutionProperties) = preSolution
		HideSolutionNode = FALSE
	EndGlobalSection
	GlobalSection(ProjectConfigurationPlatforms) = postSolution
		{69001C91-3E39-4228-A118-26E72E8682EA}.Debug|Any CPU.ActiveCfg = Debug|Any CPU
		{69001C91-3E39-4228-A118-26E72E8682EA}.Debug|Any CPU.Build.0 = Debug|Any CPU
		{69001C91-3E39-4228-A118-26E72E8682EA}.Release|Any CPU.ActiveCfg = Release|Any CPU
		{69001C91-3E39-4228-A118-26E72E8682EA}.Release|Any CPU.Build.0 = Release|Any CPU
		{EEEAD6DD-56B6-445E-BF24-7AC49E4300A4}.Debug|Any CPU.ActiveCfg = Debug|Any CPU
		{EEEAD6DD-56B6-445E-BF24-7AC49E4300A4}.Debug|Any CPU.Build.0 = Debug|Any CPU
		{EEEAD6DD-56B6-445E-BF24-7AC49E4300A4}.Release|Any CPU.ActiveCfg = Release|Any CPU
		{EEEAD6DD-56B6-445E-BF24-7AC49E4300A4}.Release|Any CPU.Build.0 = Release|Any CPU
	EndGlobalSection
EndGlobal
